// !$*UTF8*$!
{
	archiveVersion = 1;
	classes = {
	};
	objectVersion = 55;
	objects = {

/* Begin PBXBuildFile section */
		78269D802763B8B90036B91D /* ExtentionArray.swift in Sources */ = {isa = PBXBuildFile; fileRef = 78269D7F2763B8B80036B91D /* ExtentionArray.swift */; };
		7844D6072939149F00F2064B /* ZettelWatchApp.swift in Sources */ = {isa = PBXBuildFile; fileRef = 7844D6062939149F00F2064B /* ZettelWatchApp.swift */; };
		7844D6092939149F00F2064B /* ContentView.swift in Sources */ = {isa = PBXBuildFile; fileRef = 7844D6082939149F00F2064B /* ContentView.swift */; };
		7844D60B293914A000F2064B /* Assets.xcassets in Resources */ = {isa = PBXBuildFile; fileRef = 7844D60A293914A000F2064B /* Assets.xcassets */; };
		7844D60E293914A000F2064B /* Preview Assets.xcassets in Resources */ = {isa = PBXBuildFile; fileRef = 7844D60D293914A000F2064B /* Preview Assets.xcassets */; };
		7844D61329393C9000F2064B /* WatchConnection.swift in Sources */ = {isa = PBXBuildFile; fileRef = 7844D61229393C9000F2064B /* WatchConnection.swift */; };
		7844D61729393F1800F2064B /* PhoneConnection.swift in Sources */ = {isa = PBXBuildFile; fileRef = 7844D61629393CF400F2064B /* PhoneConnection.swift */; };
		7844D6192939404300F2064B /* ExtensionUserDefaults.swift in Sources */ = {isa = PBXBuildFile; fileRef = 7844D6182939404300F2064B /* ExtensionUserDefaults.swift */; };
		785AB46F273A692D000B329B /* Zettel.swift in Sources */ = {isa = PBXBuildFile; fileRef = 785AB46E273A692D000B329B /* Zettel.swift */; };
		785AB471273A6B24000B329B /* ZettelData.swift in Sources */ = {isa = PBXBuildFile; fileRef = 785AB470273A6B24000B329B /* ZettelData.swift */; };
		786ABADE273D157600F97D37 /* WidgetKit.framework in Frameworks */ = {isa = PBXBuildFile; fileRef = 786ABADD273D157600F97D37 /* WidgetKit.framework */; };
		786ABAE0273D157600F97D37 /* SwiftUI.framework in Frameworks */ = {isa = PBXBuildFile; fileRef = 786ABADF273D157600F97D37 /* SwiftUI.framework */; };
		786ABAE3273D157600F97D37 /* ZettelWidget.swift in Sources */ = {isa = PBXBuildFile; fileRef = 786ABAE2273D157600F97D37 /* ZettelWidget.swift */; };
		786ABAE5273D157800F97D37 /* Assets.xcassets in Resources */ = {isa = PBXBuildFile; fileRef = 786ABAE4273D157800F97D37 /* Assets.xcassets */; };
		786ABAE9273D157800F97D37 /* ZettelWidgetExtension.appex in Embed Foundation Extensions */ = {isa = PBXBuildFile; fileRef = 786ABADB273D157600F97D37 /* ZettelWidgetExtension.appex */; settings = {ATTRIBUTES = (RemoveHeadersOnCopy, ); }; };
		786ABAF0273D167C00F97D37 /* ZettelData.swift in Sources */ = {isa = PBXBuildFile; fileRef = 785AB470273A6B24000B329B /* ZettelData.swift */; };
		786ABAF1273D168000F97D37 /* Zettel.swift in Sources */ = {isa = PBXBuildFile; fileRef = 785AB46E273A692D000B329B /* Zettel.swift */; };
		786ABAF2273D1FC900F97D37 /* Assets.xcassets in Resources */ = {isa = PBXBuildFile; fileRef = 788DBF352737CF99005D67BF /* Assets.xcassets */; };
		788DBF322737CF96005D67BF /* ZettelApp.swift in Sources */ = {isa = PBXBuildFile; fileRef = 788DBF312737CF96005D67BF /* ZettelApp.swift */; };
		788DBF342737CF96005D67BF /* ContentView.swift in Sources */ = {isa = PBXBuildFile; fileRef = 788DBF332737CF96005D67BF /* ContentView.swift */; };
		788DBF362737CF99005D67BF /* Assets.xcassets in Resources */ = {isa = PBXBuildFile; fileRef = 788DBF352737CF99005D67BF /* Assets.xcassets */; };
		788DBF392737CF99005D67BF /* Preview Assets.xcassets in Resources */ = {isa = PBXBuildFile; fileRef = 788DBF382737CF99005D67BF /* Preview Assets.xcassets */; };
		78971D542C8C4A0600F8FC20 /* WidgetPreview.swift in Sources */ = {isa = PBXBuildFile; fileRef = 78971D532C8C4A0600F8FC20 /* WidgetPreview.swift */; };
		78A071332764B3A2006A91E2 /* HelperFunctions.swift in Sources */ = {isa = PBXBuildFile; fileRef = 78A071322764B3A2006A91E2 /* HelperFunctions.swift */; };
		78A071352764CC1A006A91E2 /* MainView.swift in Sources */ = {isa = PBXBuildFile; fileRef = 78A071342764CC1A006A91E2 /* MainView.swift */; };
		78EB5339293A282300D6AFE4 /* Intents.intentdefinition in Sources */ = {isa = PBXBuildFile; fileRef = 78EB5338293A282300D6AFE4 /* Intents.intentdefinition */; };
		78FCF011276206050032E2DC /* ZettelView.swift in Sources */ = {isa = PBXBuildFile; fileRef = 78FCF010276206050032E2DC /* ZettelView.swift */; };
		78FCF0132762119C0032E2DC /* ZettelHistory.swift in Sources */ = {isa = PBXBuildFile; fileRef = 78FCF0122762119C0032E2DC /* ZettelHistory.swift */; };
/* End PBXBuildFile section */

/* Begin PBXContainerItemProxy section */
		786ABAE7273D157800F97D37 /* PBXContainerItemProxy */ = {
			isa = PBXContainerItemProxy;
			containerPortal = 788DBF262737CF96005D67BF /* Project object */;
			proxyType = 1;
			remoteGlobalIDString = 786ABADA273D157600F97D37;
			remoteInfo = ZettelWidgetExtension;
		};
/* End PBXContainerItemProxy section */

/* Begin PBXCopyFilesBuildPhase section */
		786ABAEA273D157800F97D37 /* Embed Foundation Extensions */ = {
			isa = PBXCopyFilesBuildPhase;
			buildActionMask = 2147483647;
			dstPath = "";
			dstSubfolderSpec = 13;
			files = (
				786ABAE9273D157800F97D37 /* ZettelWidgetExtension.appex in Embed Foundation Extensions */,
			);
			name = "Embed Foundation Extensions";
			runOnlyForDeploymentPostprocessing = 0;
		};
/* End PBXCopyFilesBuildPhase section */

/* Begin PBXFileReference section */
		780080202C8B3D7E00796EC1 /* ZettelWatch Watch App.entitlements */ = {isa = PBXFileReference; lastKnownFileType = text.plist.entitlements; path = "ZettelWatch Watch App.entitlements"; sourceTree = "<group>"; };
		78269D7F2763B8B80036B91D /* ExtentionArray.swift */ = {isa = PBXFileReference; lastKnownFileType = sourcecode.swift; path = ExtentionArray.swift; sourceTree = "<group>"; };
		7844D6042939149F00F2064B /* 7III Zettel.app */ = {isa = PBXFileReference; explicitFileType = wrapper.application; includeInIndex = 0; path = "7III Zettel.app"; sourceTree = BUILT_PRODUCTS_DIR; };
		7844D6062939149F00F2064B /* ZettelWatchApp.swift */ = {isa = PBXFileReference; lastKnownFileType = sourcecode.swift; path = ZettelWatchApp.swift; sourceTree = "<group>"; };
		7844D6082939149F00F2064B /* ContentView.swift */ = {isa = PBXFileReference; lastKnownFileType = sourcecode.swift; path = ContentView.swift; sourceTree = "<group>"; };
		7844D60A293914A000F2064B /* Assets.xcassets */ = {isa = PBXFileReference; lastKnownFileType = folder.assetcatalog; path = Assets.xcassets; sourceTree = "<group>"; };
		7844D60D293914A000F2064B /* Preview Assets.xcassets */ = {isa = PBXFileReference; lastKnownFileType = folder.assetcatalog; path = "Preview Assets.xcassets"; sourceTree = "<group>"; };
		7844D61229393C9000F2064B /* WatchConnection.swift */ = {isa = PBXFileReference; lastKnownFileType = sourcecode.swift; path = WatchConnection.swift; sourceTree = "<group>"; };
		7844D61629393CF400F2064B /* PhoneConnection.swift */ = {isa = PBXFileReference; lastKnownFileType = sourcecode.swift; path = PhoneConnection.swift; sourceTree = "<group>"; };
		7844D6182939404300F2064B /* ExtensionUserDefaults.swift */ = {isa = PBXFileReference; lastKnownFileType = sourcecode.swift; path = ExtensionUserDefaults.swift; sourceTree = "<group>"; };
		785AB46E273A692D000B329B /* Zettel.swift */ = {isa = PBXFileReference; lastKnownFileType = sourcecode.swift; path = Zettel.swift; sourceTree = "<group>"; };
		785AB470273A6B24000B329B /* ZettelData.swift */ = {isa = PBXFileReference; lastKnownFileType = sourcecode.swift; path = ZettelData.swift; sourceTree = "<group>"; };
		786ABADB273D157600F97D37 /* ZettelWidgetExtension.appex */ = {isa = PBXFileReference; explicitFileType = "wrapper.app-extension"; includeInIndex = 0; path = ZettelWidgetExtension.appex; sourceTree = BUILT_PRODUCTS_DIR; };
		786ABADD273D157600F97D37 /* WidgetKit.framework */ = {isa = PBXFileReference; lastKnownFileType = wrapper.framework; name = WidgetKit.framework; path = System/Library/Frameworks/WidgetKit.framework; sourceTree = SDKROOT; };
		786ABADF273D157600F97D37 /* SwiftUI.framework */ = {isa = PBXFileReference; lastKnownFileType = wrapper.framework; name = SwiftUI.framework; path = System/Library/Frameworks/SwiftUI.framework; sourceTree = SDKROOT; };
		786ABAE2273D157600F97D37 /* ZettelWidget.swift */ = {isa = PBXFileReference; lastKnownFileType = sourcecode.swift; path = ZettelWidget.swift; sourceTree = "<group>"; };
		786ABAE4273D157800F97D37 /* Assets.xcassets */ = {isa = PBXFileReference; lastKnownFileType = folder.assetcatalog; path = Assets.xcassets; sourceTree = "<group>"; };
		786ABAE6273D157800F97D37 /* Info.plist */ = {isa = PBXFileReference; lastKnownFileType = text.plist.xml; path = Info.plist; sourceTree = "<group>"; };
		786ABAEE273D15B800F97D37 /* Zettel.entitlements */ = {isa = PBXFileReference; lastKnownFileType = text.plist.entitlements; path = Zettel.entitlements; sourceTree = "<group>"; };
		786ABAEF273D162C00F97D37 /* ZettelWidgetExtension.entitlements */ = {isa = PBXFileReference; lastKnownFileType = text.plist.entitlements; path = ZettelWidgetExtension.entitlements; sourceTree = "<group>"; };
		788DBF2E2737CF96005D67BF /* Zettel.app */ = {isa = PBXFileReference; explicitFileType = wrapper.application; includeInIndex = 0; path = Zettel.app; sourceTree = BUILT_PRODUCTS_DIR; };
		788DBF312737CF96005D67BF /* ZettelApp.swift */ = {isa = PBXFileReference; lastKnownFileType = sourcecode.swift; path = ZettelApp.swift; sourceTree = "<group>"; };
		788DBF332737CF96005D67BF /* ContentView.swift */ = {isa = PBXFileReference; lastKnownFileType = sourcecode.swift; path = ContentView.swift; sourceTree = "<group>"; };
		788DBF352737CF99005D67BF /* Assets.xcassets */ = {isa = PBXFileReference; lastKnownFileType = folder.assetcatalog; path = Assets.xcassets; sourceTree = "<group>"; };
		788DBF382737CF99005D67BF /* Preview Assets.xcassets */ = {isa = PBXFileReference; lastKnownFileType = folder.assetcatalog; path = "Preview Assets.xcassets"; sourceTree = "<group>"; };
		78971D532C8C4A0600F8FC20 /* WidgetPreview.swift */ = {isa = PBXFileReference; lastKnownFileType = sourcecode.swift; path = WidgetPreview.swift; sourceTree = "<group>"; };
		78A071322764B3A2006A91E2 /* HelperFunctions.swift */ = {isa = PBXFileReference; lastKnownFileType = sourcecode.swift; path = HelperFunctions.swift; sourceTree = "<group>"; };
		78A071342764CC1A006A91E2 /* MainView.swift */ = {isa = PBXFileReference; lastKnownFileType = sourcecode.swift; path = MainView.swift; sourceTree = "<group>"; };
		78EB5338293A282300D6AFE4 /* Intents.intentdefinition */ = {isa = PBXFileReference; lastKnownFileType = file.intentdefinition; path = Intents.intentdefinition; sourceTree = "<group>"; };
		78F54D3E2747B139001C88C1 /* Intents.framework */ = {isa = PBXFileReference; lastKnownFileType = wrapper.framework; name = Intents.framework; path = System/Library/Frameworks/Intents.framework; sourceTree = SDKROOT; };
		78FCC6C3273D4BEA00972F7A /* Info.plist */ = {isa = PBXFileReference; lastKnownFileType = text.plist; path = Info.plist; sourceTree = "<group>"; };
		78FCF010276206050032E2DC /* ZettelView.swift */ = {isa = PBXFileReference; lastKnownFileType = sourcecode.swift; path = ZettelView.swift; sourceTree = "<group>"; };
		78FCF0122762119C0032E2DC /* ZettelHistory.swift */ = {isa = PBXFileReference; lastKnownFileType = sourcecode.swift; path = ZettelHistory.swift; sourceTree = "<group>"; };
/* End PBXFileReference section */

/* Begin PBXFrameworksBuildPhase section */
		7844D6012939149F00F2064B /* Frameworks */ = {
			isa = PBXFrameworksBuildPhase;
			buildActionMask = 2147483647;
			files = (
			);
			runOnlyForDeploymentPostprocessing = 0;
		};
		786ABAD8273D157600F97D37 /* Frameworks */ = {
			isa = PBXFrameworksBuildPhase;
			buildActionMask = 2147483647;
			files = (
				786ABAE0273D157600F97D37 /* SwiftUI.framework in Frameworks */,
				786ABADE273D157600F97D37 /* WidgetKit.framework in Frameworks */,
			);
			runOnlyForDeploymentPostprocessing = 0;
		};
		788DBF2B2737CF96005D67BF /* Frameworks */ = {
			isa = PBXFrameworksBuildPhase;
			buildActionMask = 2147483647;
			files = (
			);
			runOnlyForDeploymentPostprocessing = 0;
		};
/* End PBXFrameworksBuildPhase section */

/* Begin PBXGroup section */
		78269D812763B8C00036B91D /* Helper */ = {
			isa = PBXGroup;
			children = (
				78269D7F2763B8B80036B91D /* ExtentionArray.swift */,
				78A071322764B3A2006A91E2 /* HelperFunctions.swift */,
			);
			path = Helper;
			sourceTree = "<group>";
		};
		7844D6052939149F00F2064B /* ZettelWatch Watch App */ = {
			isa = PBXGroup;
			children = (
				780080202C8B3D7E00796EC1 /* ZettelWatch Watch App.entitlements */,
				7844D61529393CE400F2064B /* Model */,
				7844D6062939149F00F2064B /* ZettelWatchApp.swift */,
				7844D6082939149F00F2064B /* ContentView.swift */,
				7844D60A293914A000F2064B /* Assets.xcassets */,
				7844D60C293914A000F2064B /* Preview Content */,
			);
			path = "ZettelWatch Watch App";
			sourceTree = "<group>";
		};
		7844D60C293914A000F2064B /* Preview Content */ = {
			isa = PBXGroup;
			children = (
				7844D60D293914A000F2064B /* Preview Assets.xcassets */,
			);
			path = "Preview Content";
			sourceTree = "<group>";
		};
		7844D61529393CE400F2064B /* Model */ = {
			isa = PBXGroup;
			children = (
				7844D61629393CF400F2064B /* PhoneConnection.swift */,
				7844D6182939404300F2064B /* ExtensionUserDefaults.swift */,
			);
			path = Model;
			sourceTree = "<group>";
		};
		785AB46D273A6911000B329B /* Model */ = {
			isa = PBXGroup;
			children = (
				7844D61229393C9000F2064B /* WatchConnection.swift */,
				785AB46E273A692D000B329B /* Zettel.swift */,
				785AB470273A6B24000B329B /* ZettelData.swift */,
			);
			path = Model;
			sourceTree = "<group>";
		};
		786ABADC273D157600F97D37 /* Frameworks */ = {
			isa = PBXGroup;
			children = (
				786ABADD273D157600F97D37 /* WidgetKit.framework */,
				786ABADF273D157600F97D37 /* SwiftUI.framework */,
				78F54D3E2747B139001C88C1 /* Intents.framework */,
			);
			name = Frameworks;
			sourceTree = "<group>";
		};
		786ABAE1273D157600F97D37 /* ZettelWidget */ = {
			isa = PBXGroup;
			children = (
				786ABAE2273D157600F97D37 /* ZettelWidget.swift */,
				786ABAE4273D157800F97D37 /* Assets.xcassets */,
				786ABAE6273D157800F97D37 /* Info.plist */,
			);
			path = ZettelWidget;
			sourceTree = "<group>";
		};
		788DBF252737CF96005D67BF = {
			isa = PBXGroup;
			children = (
				786ABAEF273D162C00F97D37 /* ZettelWidgetExtension.entitlements */,
				788DBF302737CF96005D67BF /* Zettel */,
				786ABAE1273D157600F97D37 /* ZettelWidget */,
				7844D6052939149F00F2064B /* ZettelWatch Watch App */,
				786ABADC273D157600F97D37 /* Frameworks */,
				788DBF2F2737CF96005D67BF /* Products */,
			);
			sourceTree = "<group>";
		};
		788DBF2F2737CF96005D67BF /* Products */ = {
			isa = PBXGroup;
			children = (
				788DBF2E2737CF96005D67BF /* Zettel.app */,
				786ABADB273D157600F97D37 /* ZettelWidgetExtension.appex */,
				7844D6042939149F00F2064B /* 7III Zettel.app */,
			);
			name = Products;
			sourceTree = "<group>";
		};
		788DBF302737CF96005D67BF /* Zettel */ = {
			isa = PBXGroup;
			children = (
				78FCC6C3273D4BEA00972F7A /* Info.plist */,
				786ABAEE273D15B800F97D37 /* Zettel.entitlements */,
				788DBF312737CF96005D67BF /* ZettelApp.swift */,
				78A071342764CC1A006A91E2 /* MainView.swift */,
				788DBF332737CF96005D67BF /* ContentView.swift */,
				78FCF0122762119C0032E2DC /* ZettelHistory.swift */,
				78FCF010276206050032E2DC /* ZettelView.swift */,
				78971D532C8C4A0600F8FC20 /* WidgetPreview.swift */,
				78269D812763B8C00036B91D /* Helper */,
				785AB46D273A6911000B329B /* Model */,
				788DBF352737CF99005D67BF /* Assets.xcassets */,
				788DBF372737CF99005D67BF /* Preview Content */,
				78EB5338293A282300D6AFE4 /* Intents.intentdefinition */,
			);
			path = Zettel;
			sourceTree = "<group>";
		};
		788DBF372737CF99005D67BF /* Preview Content */ = {
			isa = PBXGroup;
			children = (
				788DBF382737CF99005D67BF /* Preview Assets.xcassets */,
			);
			path = "Preview Content";
			sourceTree = "<group>";
		};
/* End PBXGroup section */

/* Begin PBXNativeTarget section */
		7844D6032939149F00F2064B /* ZettelWatch Watch App */ = {
			isa = PBXNativeTarget;
			buildConfigurationList = 7844D60F293914A000F2064B /* Build configuration list for PBXNativeTarget "ZettelWatch Watch App" */;
			buildPhases = (
				7844D6002939149F00F2064B /* Sources */,
				7844D6012939149F00F2064B /* Frameworks */,
				7844D6022939149F00F2064B /* Resources */,
			);
			buildRules = (
			);
			dependencies = (
			);
			name = "ZettelWatch Watch App";
			productName = "ZettelWatch Watch App";
			productReference = 7844D6042939149F00F2064B /* 7III Zettel.app */;
			productType = "com.apple.product-type.application";
		};
		786ABADA273D157600F97D37 /* ZettelWidgetExtension */ = {
			isa = PBXNativeTarget;
			buildConfigurationList = 786ABAED273D157800F97D37 /* Build configuration list for PBXNativeTarget "ZettelWidgetExtension" */;
			buildPhases = (
				786ABAD7273D157600F97D37 /* Sources */,
				786ABAD8273D157600F97D37 /* Frameworks */,
				786ABAD9273D157600F97D37 /* Resources */,
			);
			buildRules = (
			);
			dependencies = (
			);
			name = ZettelWidgetExtension;
			productName = ZettelWidgetExtension;
			productReference = 786ABADB273D157600F97D37 /* ZettelWidgetExtension.appex */;
			productType = "com.apple.product-type.app-extension";
		};
		788DBF2D2737CF96005D67BF /* Zettel */ = {
			isa = PBXNativeTarget;
			buildConfigurationList = 788DBF3C2737CF99005D67BF /* Build configuration list for PBXNativeTarget "Zettel" */;
			buildPhases = (
				788DBF2A2737CF96005D67BF /* Sources */,
				788DBF2B2737CF96005D67BF /* Frameworks */,
				788DBF2C2737CF96005D67BF /* Resources */,
				786ABAEA273D157800F97D37 /* Embed Foundation Extensions */,
			);
			buildRules = (
			);
			dependencies = (
				786ABAE8273D157800F97D37 /* PBXTargetDependency */,
			);
			name = Zettel;
			productName = Zettel;
			productReference = 788DBF2E2737CF96005D67BF /* Zettel.app */;
			productType = "com.apple.product-type.application";
		};
/* End PBXNativeTarget section */

/* Begin PBXProject section */
		788DBF262737CF96005D67BF /* Project object */ = {
			isa = PBXProject;
			attributes = {
				BuildIndependentTargetsInParallel = 1;
				LastSwiftUpdateCheck = 1410;
				LastUpgradeCheck = 1540;
				TargetAttributes = {
					7844D6032939149F00F2064B = {
						CreatedOnToolsVersion = 14.1;
					};
					786ABADA273D157600F97D37 = {
						CreatedOnToolsVersion = 13.0;
					};
					788DBF2D2737CF96005D67BF = {
						CreatedOnToolsVersion = 13.0;
					};
				};
			};
			buildConfigurationList = 788DBF292737CF96005D67BF /* Build configuration list for PBXProject "Zettel" */;
			compatibilityVersion = "Xcode 13.0";
			developmentRegion = en;
			hasScannedForEncodings = 0;
			knownRegions = (
				en,
				Base,
			);
			mainGroup = 788DBF252737CF96005D67BF;
			productRefGroup = 788DBF2F2737CF96005D67BF /* Products */;
			projectDirPath = "";
			projectRoot = "";
			targets = (
				788DBF2D2737CF96005D67BF /* Zettel */,
				786ABADA273D157600F97D37 /* ZettelWidgetExtension */,
				7844D6032939149F00F2064B /* ZettelWatch Watch App */,
			);
		};
/* End PBXProject section */

/* Begin PBXResourcesBuildPhase section */
		7844D6022939149F00F2064B /* Resources */ = {
			isa = PBXResourcesBuildPhase;
			buildActionMask = 2147483647;
			files = (
				7844D60E293914A000F2064B /* Preview Assets.xcassets in Resources */,
				7844D60B293914A000F2064B /* Assets.xcassets in Resources */,
			);
			runOnlyForDeploymentPostprocessing = 0;
		};
		786ABAD9273D157600F97D37 /* Resources */ = {
			isa = PBXResourcesBuildPhase;
			buildActionMask = 2147483647;
			files = (
				786ABAF2273D1FC900F97D37 /* Assets.xcassets in Resources */,
				786ABAE5273D157800F97D37 /* Assets.xcassets in Resources */,
			);
			runOnlyForDeploymentPostprocessing = 0;
		};
		788DBF2C2737CF96005D67BF /* Resources */ = {
			isa = PBXResourcesBuildPhase;
			buildActionMask = 2147483647;
			files = (
				788DBF392737CF99005D67BF /* Preview Assets.xcassets in Resources */,
				788DBF362737CF99005D67BF /* Assets.xcassets in Resources */,
			);
			runOnlyForDeploymentPostprocessing = 0;
		};
/* End PBXResourcesBuildPhase section */

/* Begin PBXSourcesBuildPhase section */
		7844D6002939149F00F2064B /* Sources */ = {
			isa = PBXSourcesBuildPhase;
			buildActionMask = 2147483647;
			files = (
				7844D6092939149F00F2064B /* ContentView.swift in Sources */,
				7844D6072939149F00F2064B /* ZettelWatchApp.swift in Sources */,
				7844D6192939404300F2064B /* ExtensionUserDefaults.swift in Sources */,
				7844D61729393F1800F2064B /* PhoneConnection.swift in Sources */,
			);
			runOnlyForDeploymentPostprocessing = 0;
		};
		786ABAD7273D157600F97D37 /* Sources */ = {
			isa = PBXSourcesBuildPhase;
			buildActionMask = 2147483647;
			files = (
				786ABAE3273D157600F97D37 /* ZettelWidget.swift in Sources */,
				786ABAF0273D167C00F97D37 /* ZettelData.swift in Sources */,
				786ABAF1273D168000F97D37 /* Zettel.swift in Sources */,
			);
			runOnlyForDeploymentPostprocessing = 0;
		};
		788DBF2A2737CF96005D67BF /* Sources */ = {
			isa = PBXSourcesBuildPhase;
			buildActionMask = 2147483647;
			files = (
				788DBF342737CF96005D67BF /* ContentView.swift in Sources */,
				7844D61329393C9000F2064B /* WatchConnection.swift in Sources */,
				78A071352764CC1A006A91E2 /* MainView.swift in Sources */,
				78EB5339293A282300D6AFE4 /* Intents.intentdefinition in Sources */,
				78971D542C8C4A0600F8FC20 /* WidgetPreview.swift in Sources */,
				78269D802763B8B90036B91D /* ExtentionArray.swift in Sources */,
				78A071332764B3A2006A91E2 /* HelperFunctions.swift in Sources */,
				785AB471273A6B24000B329B /* ZettelData.swift in Sources */,
				78FCF011276206050032E2DC /* ZettelView.swift in Sources */,
				788DBF322737CF96005D67BF /* ZettelApp.swift in Sources */,
				785AB46F273A692D000B329B /* Zettel.swift in Sources */,
				78FCF0132762119C0032E2DC /* ZettelHistory.swift in Sources */,
			);
			runOnlyForDeploymentPostprocessing = 0;
		};
/* End PBXSourcesBuildPhase section */

/* Begin PBXTargetDependency section */
		786ABAE8273D157800F97D37 /* PBXTargetDependency */ = {
			isa = PBXTargetDependency;
			target = 786ABADA273D157600F97D37 /* ZettelWidgetExtension */;
			targetProxy = 786ABAE7273D157800F97D37 /* PBXContainerItemProxy */;
		};
/* End PBXTargetDependency section */

/* Begin XCBuildConfiguration section */
		7844D610293914A000F2064B /* Debug */ = {
			isa = XCBuildConfiguration;
			buildSettings = {
				ASSETCATALOG_COMPILER_APPICON_NAME = AppIcon;
				ASSETCATALOG_COMPILER_GLOBAL_ACCENT_COLOR_NAME = AccentColor;
				CLANG_CXX_LANGUAGE_STANDARD = "gnu++20";
				CODE_SIGN_ENTITLEMENTS = "ZettelWatch Watch App/ZettelWatch Watch App.entitlements";
				CODE_SIGN_IDENTITY = "Apple Development";
				CODE_SIGN_STYLE = Automatic;
				CURRENT_PROJECT_VERSION = 2;
				DEVELOPMENT_ASSET_PATHS = "\"ZettelWatch Watch App/Preview Content\"";
				DEVELOPMENT_TEAM = A9H57996U3;
				ENABLE_PREVIEWS = YES;
				GENERATE_INFOPLIST_FILE = YES;
				INFOPLIST_KEY_UISupportedInterfaceOrientations = "UIInterfaceOrientationPortrait UIInterfaceOrientationPortraitUpsideDown";
				INFOPLIST_KEY_WKCompanionAppBundleIdentifier = com.project7III.zettel1;
				LD_RUNPATH_SEARCH_PATHS = (
					"$(inherited)",
					"@executable_path/Frameworks",
				);
				MARKETING_VERSION = 1.0;
				PRODUCT_BUNDLE_IDENTIFIER = com.project7III.zettel1.watchkitapp;
				PRODUCT_NAME = "7III Zettel";
				PROVISIONING_PROFILE_SPECIFIER = "";
				SDKROOT = watchos;
				SKIP_INSTALL = YES;
				SWIFT_EMIT_LOC_STRINGS = YES;
				SWIFT_VERSION = 5.0;
				TARGETED_DEVICE_FAMILY = 4;
				WATCHOS_DEPLOYMENT_TARGET = 9.0;
			};
			name = Debug;
		};
		7844D611293914A000F2064B /* Release */ = {
			isa = XCBuildConfiguration;
			buildSettings = {
				ASSETCATALOG_COMPILER_APPICON_NAME = AppIcon;
				ASSETCATALOG_COMPILER_GLOBAL_ACCENT_COLOR_NAME = AccentColor;
				CLANG_CXX_LANGUAGE_STANDARD = "gnu++20";
				CODE_SIGN_ENTITLEMENTS = "ZettelWatch Watch App/ZettelWatch Watch App.entitlements";
				CODE_SIGN_IDENTITY = "Apple Development";
				CODE_SIGN_STYLE = Automatic;
				CURRENT_PROJECT_VERSION = 2;
				DEVELOPMENT_ASSET_PATHS = "\"ZettelWatch Watch App/Preview Content\"";
				DEVELOPMENT_TEAM = A9H57996U3;
				ENABLE_PREVIEWS = YES;
				GENERATE_INFOPLIST_FILE = YES;
				INFOPLIST_KEY_UISupportedInterfaceOrientations = "UIInterfaceOrientationPortrait UIInterfaceOrientationPortraitUpsideDown";
				INFOPLIST_KEY_WKCompanionAppBundleIdentifier = com.project7III.zettel1;
				LD_RUNPATH_SEARCH_PATHS = (
					"$(inherited)",
					"@executable_path/Frameworks",
				);
				MARKETING_VERSION = 1.0;
				PRODUCT_BUNDLE_IDENTIFIER = com.project7III.zettel1.watchkitapp;
				PRODUCT_NAME = "7III Zettel";
				PROVISIONING_PROFILE_SPECIFIER = "";
				SDKROOT = watchos;
				SKIP_INSTALL = YES;
				SWIFT_EMIT_LOC_STRINGS = YES;
				SWIFT_VERSION = 5.0;
				TARGETED_DEVICE_FAMILY = 4;
				WATCHOS_DEPLOYMENT_TARGET = 9.0;
			};
			name = Release;
		};
		786ABAEB273D157800F97D37 /* Debug */ = {
			isa = XCBuildConfiguration;
			buildSettings = {
				ASSETCATALOG_COMPILER_GLOBAL_ACCENT_COLOR_NAME = AccentColor;
				ASSETCATALOG_COMPILER_WIDGET_BACKGROUND_COLOR_NAME = WidgetBackground;
				CODE_SIGN_ENTITLEMENTS = ZettelWidgetExtension.entitlements;
				CODE_SIGN_STYLE = Automatic;
				CURRENT_PROJECT_VERSION = 2;
				DEVELOPMENT_TEAM = A9H57996U3;
				GENERATE_INFOPLIST_FILE = YES;
				INFOPLIST_FILE = ZettelWidget/Info.plist;
				INFOPLIST_KEY_CFBundleDisplayName = "7III Zettel";
				INFOPLIST_KEY_LSApplicationCategoryType = "public.app-category.productivity";
				INFOPLIST_KEY_NSHumanReadableCopyright = "";
				IPHONEOS_DEPLOYMENT_TARGET = 17.0;
				LD_RUNPATH_SEARCH_PATHS = (
					"$(inherited)",
					"@executable_path/Frameworks",
					"@executable_path/../../Frameworks",
				);
				MARKETING_VERSION = 1.0;
				PRODUCT_BUNDLE_IDENTIFIER = com.project7III.zettel1.ZettelWidget;
				PRODUCT_NAME = "$(TARGET_NAME)";
				SKIP_INSTALL = YES;
				SWIFT_EMIT_LOC_STRINGS = YES;
				SWIFT_VERSION = 5.0;
				TARGETED_DEVICE_FAMILY = "1,2";
			};
			name = Debug;
		};
		786ABAEC273D157800F97D37 /* Release */ = {
			isa = XCBuildConfiguration;
			buildSettings = {
				ASSETCATALOG_COMPILER_GLOBAL_ACCENT_COLOR_NAME = AccentColor;
				ASSETCATALOG_COMPILER_WIDGET_BACKGROUND_COLOR_NAME = WidgetBackground;
				CODE_SIGN_ENTITLEMENTS = ZettelWidgetExtension.entitlements;
				CODE_SIGN_STYLE = Automatic;
				CURRENT_PROJECT_VERSION = 2;
				DEVELOPMENT_TEAM = A9H57996U3;
				GENERATE_INFOPLIST_FILE = YES;
				INFOPLIST_FILE = ZettelWidget/Info.plist;
				INFOPLIST_KEY_CFBundleDisplayName = "7III Zettel";
				INFOPLIST_KEY_LSApplicationCategoryType = "public.app-category.productivity";
				INFOPLIST_KEY_NSHumanReadableCopyright = "";
				IPHONEOS_DEPLOYMENT_TARGET = 17.0;
				LD_RUNPATH_SEARCH_PATHS = (
					"$(inherited)",
					"@executable_path/Frameworks",
					"@executable_path/../../Frameworks",
				);
				MARKETING_VERSION = 1.0;
				PRODUCT_BUNDLE_IDENTIFIER = com.project7III.zettel1.ZettelWidget;
				PRODUCT_NAME = "$(TARGET_NAME)";
				SKIP_INSTALL = YES;
				SWIFT_EMIT_LOC_STRINGS = YES;
				SWIFT_VERSION = 5.0;
				TARGETED_DEVICE_FAMILY = "1,2";
			};
			name = Release;
		};
		788DBF3A2737CF99005D67BF /* Debug */ = {
			isa = XCBuildConfiguration;
			buildSettings = {
				ALWAYS_SEARCH_USER_PATHS = NO;
				ASSETCATALOG_COMPILER_GENERATE_SWIFT_ASSET_SYMBOL_EXTENSIONS = YES;
				CLANG_ANALYZER_NONNULL = YES;
				CLANG_ANALYZER_NUMBER_OBJECT_CONVERSION = YES_AGGRESSIVE;
				CLANG_CXX_LANGUAGE_STANDARD = "gnu++17";
				CLANG_CXX_LIBRARY = "libc++";
				CLANG_ENABLE_MODULES = YES;
				CLANG_ENABLE_OBJC_ARC = YES;
				CLANG_ENABLE_OBJC_WEAK = YES;
				CLANG_WARN_BLOCK_CAPTURE_AUTORELEASING = YES;
				CLANG_WARN_BOOL_CONVERSION = YES;
				CLANG_WARN_COMMA = YES;
				CLANG_WARN_CONSTANT_CONVERSION = YES;
				CLANG_WARN_DEPRECATED_OBJC_IMPLEMENTATIONS = YES;
				CLANG_WARN_DIRECT_OBJC_ISA_USAGE = YES_ERROR;
				CLANG_WARN_DOCUMENTATION_COMMENTS = YES;
				CLANG_WARN_EMPTY_BODY = YES;
				CLANG_WARN_ENUM_CONVERSION = YES;
				CLANG_WARN_INFINITE_RECURSION = YES;
				CLANG_WARN_INT_CONVERSION = YES;
				CLANG_WARN_NON_LITERAL_NULL_CONVERSION = YES;
				CLANG_WARN_OBJC_IMPLICIT_RETAIN_SELF = YES;
				CLANG_WARN_OBJC_LITERAL_CONVERSION = YES;
				CLANG_WARN_OBJC_ROOT_CLASS = YES_ERROR;
				CLANG_WARN_QUOTED_INCLUDE_IN_FRAMEWORK_HEADER = YES;
				CLANG_WARN_RANGE_LOOP_ANALYSIS = YES;
				CLANG_WARN_STRICT_PROTOTYPES = YES;
				CLANG_WARN_SUSPICIOUS_MOVE = YES;
				CLANG_WARN_UNGUARDED_AVAILABILITY = YES_AGGRESSIVE;
				CLANG_WARN_UNREACHABLE_CODE = YES;
				CLANG_WARN__DUPLICATE_METHOD_MATCH = YES;
				COPY_PHASE_STRIP = NO;
				DEBUG_INFORMATION_FORMAT = dwarf;
				ENABLE_STRICT_OBJC_MSGSEND = YES;
				ENABLE_TESTABILITY = YES;
				ENABLE_USER_SCRIPT_SANDBOXING = YES;
				GCC_C_LANGUAGE_STANDARD = gnu11;
				GCC_DYNAMIC_NO_PIC = NO;
				GCC_NO_COMMON_BLOCKS = YES;
				GCC_OPTIMIZATION_LEVEL = 0;
				GCC_PREPROCESSOR_DEFINITIONS = (
					"DEBUG=1",
					"$(inherited)",
				);
				GCC_WARN_64_TO_32_BIT_CONVERSION = YES;
				GCC_WARN_ABOUT_RETURN_TYPE = YES_ERROR;
				GCC_WARN_UNDECLARED_SELECTOR = YES;
				GCC_WARN_UNINITIALIZED_AUTOS = YES_AGGRESSIVE;
				GCC_WARN_UNUSED_FUNCTION = YES;
				GCC_WARN_UNUSED_VARIABLE = YES;
				IPHONEOS_DEPLOYMENT_TARGET = 17.0;
				MTL_ENABLE_DEBUG_INFO = INCLUDE_SOURCE;
				MTL_FAST_MATH = YES;
				ONLY_ACTIVE_ARCH = YES;
				SDKROOT = iphoneos;
				SWIFT_ACTIVE_COMPILATION_CONDITIONS = DEBUG;
				SWIFT_OPTIMIZATION_LEVEL = "-Onone";
			};
			name = Debug;
		};
		788DBF3B2737CF99005D67BF /* Release */ = {
			isa = XCBuildConfiguration;
			buildSettings = {
				ALWAYS_SEARCH_USER_PATHS = NO;
				ASSETCATALOG_COMPILER_GENERATE_SWIFT_ASSET_SYMBOL_EXTENSIONS = YES;
				CLANG_ANALYZER_NONNULL = YES;
				CLANG_ANALYZER_NUMBER_OBJECT_CONVERSION = YES_AGGRESSIVE;
				CLANG_CXX_LANGUAGE_STANDARD = "gnu++17";
				CLANG_CXX_LIBRARY = "libc++";
				CLANG_ENABLE_MODULES = YES;
				CLANG_ENABLE_OBJC_ARC = YES;
				CLANG_ENABLE_OBJC_WEAK = YES;
				CLANG_WARN_BLOCK_CAPTURE_AUTORELEASING = YES;
				CLANG_WARN_BOOL_CONVERSION = YES;
				CLANG_WARN_COMMA = YES;
				CLANG_WARN_CONSTANT_CONVERSION = YES;
				CLANG_WARN_DEPRECATED_OBJC_IMPLEMENTATIONS = YES;
				CLANG_WARN_DIRECT_OBJC_ISA_USAGE = YES_ERROR;
				CLANG_WARN_DOCUMENTATION_COMMENTS = YES;
				CLANG_WARN_EMPTY_BODY = YES;
				CLANG_WARN_ENUM_CONVERSION = YES;
				CLANG_WARN_INFINITE_RECURSION = YES;
				CLANG_WARN_INT_CONVERSION = YES;
				CLANG_WARN_NON_LITERAL_NULL_CONVERSION = YES;
				CLANG_WARN_OBJC_IMPLICIT_RETAIN_SELF = YES;
				CLANG_WARN_OBJC_LITERAL_CONVERSION = YES;
				CLANG_WARN_OBJC_ROOT_CLASS = YES_ERROR;
				CLANG_WARN_QUOTED_INCLUDE_IN_FRAMEWORK_HEADER = YES;
				CLANG_WARN_RANGE_LOOP_ANALYSIS = YES;
				CLANG_WARN_STRICT_PROTOTYPES = YES;
				CLANG_WARN_SUSPICIOUS_MOVE = YES;
				CLANG_WARN_UNGUARDED_AVAILABILITY = YES_AGGRESSIVE;
				CLANG_WARN_UNREACHABLE_CODE = YES;
				CLANG_WARN__DUPLICATE_METHOD_MATCH = YES;
				COPY_PHASE_STRIP = NO;
				DEBUG_INFORMATION_FORMAT = "dwarf-with-dsym";
				ENABLE_NS_ASSERTIONS = NO;
				ENABLE_STRICT_OBJC_MSGSEND = YES;
				ENABLE_USER_SCRIPT_SANDBOXING = YES;
				GCC_C_LANGUAGE_STANDARD = gnu11;
				GCC_NO_COMMON_BLOCKS = YES;
				GCC_WARN_64_TO_32_BIT_CONVERSION = YES;
				GCC_WARN_ABOUT_RETURN_TYPE = YES_ERROR;
				GCC_WARN_UNDECLARED_SELECTOR = YES;
				GCC_WARN_UNINITIALIZED_AUTOS = YES_AGGRESSIVE;
				GCC_WARN_UNUSED_FUNCTION = YES;
				GCC_WARN_UNUSED_VARIABLE = YES;
				IPHONEOS_DEPLOYMENT_TARGET = 17.0;
				MTL_ENABLE_DEBUG_INFO = NO;
				MTL_FAST_MATH = YES;
				SDKROOT = iphoneos;
				SWIFT_COMPILATION_MODE = wholemodule;
				SWIFT_OPTIMIZATION_LEVEL = "-O";
				VALIDATE_PRODUCT = YES;
			};
			name = Release;
		};
		788DBF3D2737CF99005D67BF /* Debug */ = {
			isa = XCBuildConfiguration;
			buildSettings = {
				ALWAYS_EMBED_SWIFT_STANDARD_LIBRARIES = YES;
				ASSETCATALOG_COMPILER_APPICON_NAME = AppIcon;
				ASSETCATALOG_COMPILER_GLOBAL_ACCENT_COLOR_NAME = AccentColor;
				CODE_SIGN_ENTITLEMENTS = Zettel/Zettel.entitlements;
				CODE_SIGN_STYLE = Automatic;
				CURRENT_PROJECT_VERSION = 2;
				DEVELOPMENT_ASSET_PATHS = "\"Zettel/Preview Content\"";
				DEVELOPMENT_TEAM = A9H57996U3;
				ENABLE_PREVIEWS = YES;
				GENERATE_INFOPLIST_FILE = YES;
				INFOPLIST_FILE = Zettel/Info.plist;
				INFOPLIST_KEY_CFBundleDisplayName = "7III Zettel";
				INFOPLIST_KEY_LSApplicationCategoryType = "public.app-category.productivity";
				INFOPLIST_KEY_UIApplicationSupportsIndirectInputEvents = YES;
				INFOPLIST_KEY_UIRequiresFullScreen = NO;
				INFOPLIST_KEY_UISupportedInterfaceOrientations = UIInterfaceOrientationPortrait;
				INFOPLIST_KEY_UISupportedInterfaceOrientations_iPad = "UIInterfaceOrientationLandscapeLeft UIInterfaceOrientationLandscapeRight UIInterfaceOrientationPortrait UIInterfaceOrientationPortraitUpsideDown";
				IPHONEOS_DEPLOYMENT_TARGET = 17.0;
				LD_RUNPATH_SEARCH_PATHS = (
					"$(inherited)",
					"@executable_path/Frameworks",
				);
				MARKETING_VERSION = 1.0;
				PRODUCT_BUNDLE_IDENTIFIER = com.project7III.zettel1;
				PRODUCT_NAME = "$(TARGET_NAME)";
				SUPPORTED_PLATFORMS = "iphoneos iphonesimulator";
				SUPPORTS_MACCATALYST = NO;
				SUPPORTS_MAC_DESIGNED_FOR_IPHONE_IPAD = YES;
				SWIFT_EMIT_LOC_STRINGS = YES;
				SWIFT_VERSION = 5.0;
				TARGETED_DEVICE_FAMILY = "1,2";
			};
			name = Debug;
		};
		788DBF3E2737CF99005D67BF /* Release */ = {
			isa = XCBuildConfiguration;
			buildSettings = {
				ALWAYS_EMBED_SWIFT_STANDARD_LIBRARIES = YES;
				ASSETCATALOG_COMPILER_APPICON_NAME = AppIcon;
				ASSETCATALOG_COMPILER_GLOBAL_ACCENT_COLOR_NAME = AccentColor;
				CODE_SIGN_ENTITLEMENTS = Zettel/Zettel.entitlements;
				CODE_SIGN_STYLE = Automatic;
				CURRENT_PROJECT_VERSION = 2;
				DEVELOPMENT_ASSET_PATHS = "\"Zettel/Preview Content\"";
				DEVELOPMENT_TEAM = A9H57996U3;
				ENABLE_PREVIEWS = YES;
				GENERATE_INFOPLIST_FILE = YES;
				INFOPLIST_FILE = Zettel/Info.plist;
				INFOPLIST_KEY_CFBundleDisplayName = "7III Zettel";
				INFOPLIST_KEY_LSApplicationCategoryType = "public.app-category.productivity";
				INFOPLIST_KEY_UIApplicationSupportsIndirectInputEvents = YES;
				INFOPLIST_KEY_UIRequiresFullScreen = NO;
				INFOPLIST_KEY_UISupportedInterfaceOrientations = UIInterfaceOrientationPortrait;
				INFOPLIST_KEY_UISupportedInterfaceOrientations_iPad = "UIInterfaceOrientationLandscapeLeft UIInterfaceOrientationLandscapeRight UIInterfaceOrientationPortrait UIInterfaceOrientationPortraitUpsideDown";
				IPHONEOS_DEPLOYMENT_TARGET = 17.0;
				LD_RUNPATH_SEARCH_PATHS = (
					"$(inherited)",
					"@executable_path/Frameworks",
				);
				MARKETING_VERSION = 1.0;
				PRODUCT_BUNDLE_IDENTIFIER = com.project7III.zettel1;
				PRODUCT_NAME = "$(TARGET_NAME)";
				SUPPORTED_PLATFORMS = "iphoneos iphonesimulator";
				SUPPORTS_MACCATALYST = NO;
				SUPPORTS_MAC_DESIGNED_FOR_IPHONE_IPAD = YES;
				SWIFT_EMIT_LOC_STRINGS = YES;
				SWIFT_VERSION = 5.0;
				TARGETED_DEVICE_FAMILY = "1,2";
			};
			name = Release;
		};
/* End XCBuildConfiguration section */

/* Begin XCConfigurationList section */
		7844D60F293914A000F2064B /* Build configuration list for PBXNativeTarget "ZettelWatch Watch App" */ = {
			isa = XCConfigurationList;
			buildConfigurations = (
				7844D610293914A000F2064B /* Debug */,
				7844D611293914A000F2064B /* Release */,
			);
			defaultConfigurationIsVisible = 0;
			defaultConfigurationName = Release;
		};
		786ABAED273D157800F97D37 /* Build configuration list for PBXNativeTarget "ZettelWidgetExtension" */ = {
			isa = XCConfigurationList;
			buildConfigurations = (
				786ABAEB273D157800F97D37 /* Debug */,
				786ABAEC273D157800F97D37 /* Release */,
			);
			defaultConfigurationIsVisible = 0;
			defaultConfigurationName = Release;
		};
		788DBF292737CF96005D67BF /* Build configuration list for PBXProject "Zettel" */ = {
			isa = XCConfigurationList;
			buildConfigurations = (
				788DBF3A2737CF99005D67BF /* Debug */,
				788DBF3B2737CF99005D67BF /* Release */,
			);
			defaultConfigurationIsVisible = 0;
			defaultConfigurationName = Release;
		};
		788DBF3C2737CF99005D67BF /* Build configuration list for PBXNativeTarget "Zettel" */ = {
			isa = XCConfigurationList;
			buildConfigurations = (
				788DBF3D2737CF99005D67BF /* Debug */,
				788DBF3E2737CF99005D67BF /* Release */,
			);
			defaultConfigurationIsVisible = 0;
			defaultConfigurationName = Release;
		};
/* End XCConfigurationList section */
	};
	rootObject = 788DBF262737CF96005D67BF /* Project object */;
}
